
Microsoft Visual Studio Solution File, Format Version 12.00
# Visual Studio Version 16
VisualStudioVersion = 16.0.30309.148
MinimumVisualStudioVersion = 10.0.40219.1
Project("{FAE04EC0-301F-11D3-BF4B-00C04F79EFBC}") = "MilesPerGallon", "MilesPerGallon\MilesPerGallon.csproj", "{BA5A3B9B-E01E-4D54-9590-B24D3027D501}"
EndProject
Project("{FAE04EC0-301F-11D3-BF4B-00C04F79EFBC}") = "StadiumSeating", "StadiumSeating\StadiumSeating.csproj", "{F8099D4D-5DD0-4FAD-BA28-3DB8A91BA919}"
EndProject
Global
	GlobalSection(SolutionConfigurationPlatforms) = preSolution
		Debug|Any CPU = Debug|Any CPU
		Release|Any CPU = Release|Any CPU
	EndGlobalSection
	GlobalSection(ProjectConfigurationPlatforms) = postSolution
		{BA5A3B9B-E01E-4D54-9590-B24D3027D501}.Debug|Any CPU.ActiveCfg = Debug|Any CPU
		{BA5A3B9B-E01E-4D54-9590-B24D3027D501}.Debug|Any CPU.Build.0 = Debug|Any CPU
		{BA5A3B9B-E01E-4D54-9590-B24D3027D501}.Release|Any CPU.ActiveCfg = Release|Any CPU
		{BA5A3B9B-E01E-4D54-9590-B24D3027D501}.Release|Any CPU.Build.0 = Release|Any CPU
		{F8099D4D-5DD0-4FAD-BA28-3DB8A91BA919}.Debug|Any CPU.ActiveCfg = Debug|Any CPU
		{F8099D4D-5DD0-4FAD-BA28-3DB8A91BA919}.Debug|Any CPU.Build.0 = Debug|Any CPU
		{F8099D4D-5DD0-4FAD-BA28-3DB8A91BA919}.Release|Any CPU.ActiveCfg = Release|Any CPU
		{F8099D4D-5DD0-4FAD-BA28-3DB8A91BA919}.Release|Any CPU.Build.0 = Release|Any CPU
	EndGlobalSection
	GlobalSection(SolutionProperties) = preSolution
		HideSolutionNode = FALSE
	EndGlobalSection
	GlobalSection(ExtensibilityGlobals) = postSolution
		SolutionGuid = {6223CA5C-D949-4BC3-A78B-B5595D1BE1BF}
	EndGlobalSection
EndGlobal
