
Microsoft Visual Studio Solution File, Format Version 12.00
# Visual Studio Version 16
VisualStudioVersion = 16.0.30309.148
MinimumVisualStudioVersion = 10.0.40219.1
Project("{9A19103F-16F7-4668-BE54-9A1E7A4F7556}") = "MilesPerGallon", "MilesPerGallon\MilesPerGallon.csproj", "{BA5A3B9B-E01E-4D54-9590-B24D3027D501}"
EndProject
Project("{9A19103F-16F7-4668-BE54-9A1E7A4F7556}") = "StadiumSeating", "StadiumSeating\StadiumSeating.csproj", "{F8099D4D-5DD0-4FAD-BA28-3DB8A91BA919}"
EndProject
Project("{9A19103F-16F7-4668-BE54-9A1E7A4F7556}") = "StockTransactionProgram", "StockTransactionProgram\StockTransactionProgram.csproj", "{14479F93-C785-4EC6-B8E5-C1359858EC80}"
EndProject
Project("{9A19103F-16F7-4668-BE54-9A1E7A4F7556}") = "SoftwareSales", "SoftwareSales\SoftwareSales.csproj", "{513D54AD-E5C2-4EA0-B594-B67BB4B85C4A}"
EndProject
Project("{9A19103F-16F7-4668-BE54-9A1E7A4F7556}") = "SalesBarChart", "SalesBarChart\SalesBarChart.csproj", "{40167CAC-8878-48AE-BC45-8B1663CFC8D7}"
EndProject
Project("{9A19103F-16F7-4668-BE54-9A1E7A4F7556}") = "MarkUp", "MarkUp\MarkUp.csproj", "{B47C819A-99A5-4E71-BF0A-334FDC2716FF}"
EndProject
Project("{FAE04EC0-301F-11D3-BF4B-00C04F79EFBC}") = "ATMSimulator", "ATMSimulator\ATMSimulator.csproj", "{7EA16F74-3C1E-4C19-B3B2-9EE6F6C5101D}"
EndProject
Global
	GlobalSection(SolutionConfigurationPlatforms) = preSolution
		Debug|Any CPU = Debug|Any CPU
		Release|Any CPU = Release|Any CPU
	EndGlobalSection
	GlobalSection(ProjectConfigurationPlatforms) = postSolution
		{BA5A3B9B-E01E-4D54-9590-B24D3027D501}.Debug|Any CPU.ActiveCfg = Debug|Any CPU
		{BA5A3B9B-E01E-4D54-9590-B24D3027D501}.Debug|Any CPU.Build.0 = Debug|Any CPU
		{BA5A3B9B-E01E-4D54-9590-B24D3027D501}.Release|Any CPU.ActiveCfg = Release|Any CPU
		{BA5A3B9B-E01E-4D54-9590-B24D3027D501}.Release|Any CPU.Build.0 = Release|Any CPU
		{F8099D4D-5DD0-4FAD-BA28-3DB8A91BA919}.Debug|Any CPU.ActiveCfg = Debug|Any CPU
		{F8099D4D-5DD0-4FAD-BA28-3DB8A91BA919}.Debug|Any CPU.Build.0 = Debug|Any CPU
		{F8099D4D-5DD0-4FAD-BA28-3DB8A91BA919}.Release|Any CPU.ActiveCfg = Release|Any CPU
		{F8099D4D-5DD0-4FAD-BA28-3DB8A91BA919}.Release|Any CPU.Build.0 = Release|Any CPU
		{14479F93-C785-4EC6-B8E5-C1359858EC80}.Debug|Any CPU.ActiveCfg = Debug|Any CPU
		{14479F93-C785-4EC6-B8E5-C1359858EC80}.Debug|Any CPU.Build.0 = Debug|Any CPU
		{14479F93-C785-4EC6-B8E5-C1359858EC80}.Release|Any CPU.ActiveCfg = Release|Any CPU
		{14479F93-C785-4EC6-B8E5-C1359858EC80}.Release|Any CPU.Build.0 = Release|Any CPU
		{513D54AD-E5C2-4EA0-B594-B67BB4B85C4A}.Debug|Any CPU.ActiveCfg = Debug|Any CPU
		{513D54AD-E5C2-4EA0-B594-B67BB4B85C4A}.Debug|Any CPU.Build.0 = Debug|Any CPU
		{513D54AD-E5C2-4EA0-B594-B67BB4B85C4A}.Release|Any CPU.ActiveCfg = Release|Any CPU
		{513D54AD-E5C2-4EA0-B594-B67BB4B85C4A}.Release|Any CPU.Build.0 = Release|Any CPU
		{40167CAC-8878-48AE-BC45-8B1663CFC8D7}.Debug|Any CPU.ActiveCfg = Debug|Any CPU
		{40167CAC-8878-48AE-BC45-8B1663CFC8D7}.Debug|Any CPU.Build.0 = Debug|Any CPU
		{40167CAC-8878-48AE-BC45-8B1663CFC8D7}.Release|Any CPU.ActiveCfg = Release|Any CPU
		{40167CAC-8878-48AE-BC45-8B1663CFC8D7}.Release|Any CPU.Build.0 = Release|Any CPU
		{B47C819A-99A5-4E71-BF0A-334FDC2716FF}.Debug|Any CPU.ActiveCfg = Debug|Any CPU
		{B47C819A-99A5-4E71-BF0A-334FDC2716FF}.Debug|Any CPU.Build.0 = Debug|Any CPU
		{B47C819A-99A5-4E71-BF0A-334FDC2716FF}.Release|Any CPU.ActiveCfg = Release|Any CPU
		{B47C819A-99A5-4E71-BF0A-334FDC2716FF}.Release|Any CPU.Build.0 = Release|Any CPU
		{7EA16F74-3C1E-4C19-B3B2-9EE6F6C5101D}.Debug|Any CPU.ActiveCfg = Debug|Any CPU
		{7EA16F74-3C1E-4C19-B3B2-9EE6F6C5101D}.Debug|Any CPU.Build.0 = Debug|Any CPU
		{7EA16F74-3C1E-4C19-B3B2-9EE6F6C5101D}.Release|Any CPU.ActiveCfg = Release|Any CPU
		{7EA16F74-3C1E-4C19-B3B2-9EE6F6C5101D}.Release|Any CPU.Build.0 = Release|Any CPU
	EndGlobalSection
	GlobalSection(SolutionProperties) = preSolution
		HideSolutionNode = FALSE
	EndGlobalSection
	GlobalSection(ExtensibilityGlobals) = postSolution
		SolutionGuid = {6223CA5C-D949-4BC3-A78B-B5595D1BE1BF}
	EndGlobalSection
EndGlobal
